
Microsoft Visual Studio Solution File, Format Version 12.00
# Visual Studio Version 17
VisualStudioVersion = 17.9.34728.123
MinimumVisualStudioVersion = 10.0.40219.1
Project("{FAE04EC0-301F-11D3-BF4B-00C04F79EFBC}") = "EnrollmentSystem.Web", "EnrollmentSystem.Web\EnrollmentSystem.Web.csproj", "{AC8868FA-C5CC-41F3-8A85-8BFA2D79A609}"
EndProject
Global
	GlobalSection(SolutionConfigurationPlatforms) = preSolution
		Debug|Any CPU = Debug|Any CPU
		Release|Any CPU = Release|Any CPU
	EndGlobalSection
	GlobalSection(ProjectConfigurationPlatforms) = postSolution
		{AC8868FA-C5CC-41F3-8A85-8BFA2D79A609}.Debug|Any CPU.ActiveCfg = Debug|Any CPU
		{AC8868FA-C5CC-41F3-8A85-8BFA2D79A609}.Debug|Any CPU.Build.0 = Debug|Any CPU
		{AC8868FA-C5CC-41F3-8A85-8BFA2D79A609}.Release|Any CPU.ActiveCfg = Release|Any CPU
		{AC8868FA-C5CC-41F3-8A85-8BFA2D79A609}.Release|Any CPU.Build.0 = Release|Any CPU
	EndGlobalSection
	GlobalSection(SolutionProperties) = preSolution
		HideSolutionNode = FALSE
	EndGlobalSection
	GlobalSection(ExtensibilityGlobals) = postSolution
		SolutionGuid = {7A8936A7-187C-4AE5-A91E-7716FF538ABD}
	EndGlobalSection
EndGlobal
